Microsoft Visual Studio Solution File, Format Version 12.00
# Visual Studio 14
VisualStudioVersion = 14.0.25420.1
MinimumVisualStudioVersion = 10.0.40219.1
Project("{FAE04EC0-301F-11D3-BF4B-00C04F79EFBC}") = "MvcDashboard_SetMasterFilter", "MvcDashboard_SetMasterFilter\MvcDashboard_SetMasterFilter.csproj", "{D96D935B-4500-4704-9580-1DB00F868ADE}"
EndProject
Global
	GlobalSection(SolutionConfigurationPlatforms) = preSolution
		Debug|Any CPU = Debug|Any CPU
		Release|Any CPU = Release|Any CPU
	EndGlobalSection
	GlobalSection(ProjectConfigurationPlatforms) = postSolution
		{D96D935B-4500-4704-9580-1DB00F868ADE}.Debug|Any CPU.ActiveCfg = Debug|Any CPU
		{D96D935B-4500-4704-9580-1DB00F868ADE}.Debug|Any CPU.Build.0 = Debug|Any CPU
		{D96D935B-4500-4704-9580-1DB00F868ADE}.Release|Any CPU.ActiveCfg = Release|Any CPU
		{D96D935B-4500-4704-9580-1DB00F868ADE}.Release|Any CPU.Build.0 = Release|Any CPU
	EndGlobalSection
	GlobalSection(SolutionProperties) = preSolution
		HideSolutionNode = FALSE
	EndGlobalSection
EndGlobal
